<?xml version="1.0" encoding="utf-8"?>
<Project ToolsVersion="4.0" xmlns="http://schemas.microsoft.com/developer/msbuild/2003">
  <ItemGroup>
    <Filter Include="Source Files">
      <UniqueIdentifier>{4FC737F1-C7A5-4376-A066-2A32D752A2FF}</UniqueIdentifier>
      <Extensions>cpp;c;cc;cxx;c++;cppm;ixx;def;odl;idl;hpj;bat;asm;asmx</Extensions>
    </Filter>
    <Filter Include="Header Files">
      <UniqueIdentifier>{93995380-89BD-4b04-88EB-625FBE52EBFB}</UniqueIdentifier>
      <Extensions>h;hh;hpp;hxx;h++;hm;inl;inc;ipp;xsd</Extensions>
    </Filter>
    <Filter Include="Resource Files">
      <UniqueIdentifier>{67DA6AB6-F800-4c08-8B7A-83BB121AAD01}</UniqueIdentifier>
      <Extensions>rc;ico;cur;bmp;dlg;rc2;rct;bin;rgs;gif;jpg;jpeg;jpe;resx;tiff;tif;png;wav;mfcribbon-ms</Extensions>
    </Filter>
  </ItemGroup>
  <ItemGroup>
    <ClInclude Include="src\pch.h">
      <Filter>Header Files</Filter>
    </ClInclude>
    <ClInclude Include="include\JNet\CLambdaPipe.h">
      <Filter>Header Files</Filter>
    </ClInclude>
    <ClInclude Include="include\JNet\CNetClient.h">
      <Filter>Header Files</Filter>
    </ClInclude>
    <ClInclude Include="include\JNet\CNetServer.h">
      <Filter>Header Files</Filter>
    </ClInclude>
    <ClInclude Include="include\JNet\CMonitorThread.h">
      <Filter>Header Files</Filter>
    </ClInclude>
    <ClInclude Include="include\JNet\CWorkerThread.h">
      <Filter>Header Files</Filter>
    </ClInclude>
    <ClInclude Include="include\JNet\INetworkEntity.h">
      <Filter>Header Files</Filter>
    </ClInclude>
    <ClInclude Include="include\JNet\CPacketBuffer.h">
      <Filter>Header Files</Filter>
    </ClInclude>
    <ClInclude Include="include\JNet\CPacket.h">
      <Filter>Header Files</Filter>
    </ClInclude>
    <ClInclude Include="include\JNet\CSession.h">
      <Filter>Header Files</Filter>
    </ClInclude>
    <ClInclude Include="src\LogTag.h">
      <Filter>Header Files</Filter>
    </ClInclude>
    <ClInclude Include="include\JNet\Types.h">
      <Filter>Header Files</Filter>
    </ClInclude>
    <ClInclude Include="include\JNet\PacketHeader.h">
      <Filter>Header Files</Filter>
    </ClInclude>
    <ClInclude Include="include\JNet\CContent.h">
      <Filter>Header Files</Filter>
    </ClInclude>
    <ClInclude Include="include\JNet\CTimerManager.h">
      <Filter>Header Files</Filter>
    </ClInclude>
    <ClInclude Include="include\JNet\CTimerThread.h">
      <Filter>Header Files</Filter>
    </ClInclude>
    <ClInclude Include="include\JNet\CContentManager.h">
      <Filter>Header Files</Filter>
    </ClInclude>
    <ClInclude Include="include\JNet\CAppServer.h">
      <Filter>Header Files</Filter>
    </ClInclude>
    <ClInclude Include="include\JNet\FSystemMessage.h">
      <Filter>Header Files</Filter>
    </ClInclude>
    <ClInclude Include="include\JNet\CObjectRingBuffer.h">
      <Filter>Header Files</Filter>
    </ClInclude>
    <ClInclude Include="include\JNet\Initialize.h">
      <Filter>Header Files</Filter>
    </ClInclude>
    <ClInclude Include="include\JNet\FContentHandle.h">
      <Filter>Header Files</Filter>
    </ClInclude>
    <ClInclude Include="include\JNet\CContentQueue.h">
      <Filter>Header Files</Filter>
    </ClInclude>
    <ClInclude Include="include\JNet\CPacketView.h">
      <Filter>Header Files</Filter>
    </ClInclude>
    <ClInclude Include="include\JNet\CStreamReader.h">
      <Filter>Header Files</Filter>
    </ClInclude>
    <ClInclude Include="include\JNet\CStreamWriter.h">
      <Filter>Header Files</Filter>
    </ClInclude>
  </ItemGroup>
  <ItemGroup>
    <ClCompile Include="src\pch.cpp">
      <Filter>Source Files</Filter>
    </ClCompile>
    <ClCompile Include="src\CNetClient.cpp">
      <Filter>Source Files</Filter>
    </ClCompile>
    <ClCompile Include="src\CNetServer.cpp">
      <Filter>Source Files</Filter>
    </ClCompile>
    <ClCompile Include="src\CMonitorThread.cpp">
      <Filter>Source Files</Filter>
    </ClCompile>
    <ClCompile Include="src\CWorkerThread.cpp">
      <Filter>Source Files</Filter>
    </ClCompile>
    <ClCompile Include="src\CPacketBuffer.cpp">
      <Filter>Source Files</Filter>
    </ClCompile>
    <ClCompile Include="src\CPacket.cpp">
      <Filter>Source Files</Filter>
    </ClCompile>
    <ClCompile Include="src\CSession.cpp">
      <Filter>Source Files</Filter>
    </ClCompile>
    <ClCompile Include="src\LogTag.cpp">
      <Filter>Source Files</Filter>
    </ClCompile>
    <ClCompile Include="src\CContent.cpp">
      <Filter>Source Files</Filter>
    </ClCompile>
    <ClCompile Include="src\CTimerManager.cpp">
      <Filter>Source Files</Filter>
    </ClCompile>
    <ClCompile Include="src\CTimerThread.cpp">
      <Filter>Source Files</Filter>
    </ClCompile>
    <ClCompile Include="src\CContentManager.cpp">
      <Filter>Source Files</Filter>
    </ClCompile>
    <ClCompile Include="src\CLambdaPipe.cpp">
      <Filter>Source Files</Filter>
    </ClCompile>
    <ClCompile Include="src\Initialize.cpp">
      <Filter>Source Files</Filter>
    </ClCompile>
    <ClCompile Include="src\CAppServer.cpp">
      <Filter>Source Files</Filter>
    </ClCompile>
    <ClCompile Include="src\PacketHeader.cpp">
      <Filter>Source Files</Filter>
    </ClCompile>
    <ClCompile Include="src\CPacketView.cpp">
      <Filter>Source Files</Filter>
    </ClCompile>
  </ItemGroup>
</Project>